
Microsoft Visual Studio Solution File, Format Version 12.00
Project("{2150E333-8FDC-42A3-9474-1A3956D46DE8}") = "src", "src", "{5DE33D04-4356-4082-B2F4-877B8321C132}"
EndProject
Project("{FAE04EC0-301F-11D3-BF4B-00C04F79EFBC}") = "EasyBoilerplate.Host", "src\EasyBoilerplate.Host\EasyBoilerplate.Host.csproj", "{E06DEFD3-15EA-47D9-9352-F912CF8A791A}"
EndProject
Project("{FAE04EC0-301F-11D3-BF4B-00C04F79EFBC}") = "EasyBoilerplate.EfCore", "src\EasyBoilerplate.EfCore\EasyBoilerplate.EfCore.csproj", "{79AB084B-229D-4B66-AAB3-0212BE9E680C}"
EndProject
Project("{FAE04EC0-301F-11D3-BF4B-00C04F79EFBC}") = "EasyBoilerplate.Domain", "src\EasyBoilerplate.Domain\EasyBoilerplate.Domain.csproj", "{03D36A27-EF6E-49D1-93A1-A4DE4F13B720}"
EndProject
Project("{FAE04EC0-301F-11D3-BF4B-00C04F79EFBC}") = "EasyBoilerplate.Shared", "src\EasyBoilerplate.Shared\EasyBoilerplate.Shared.csproj", "{793653F6-CFC1-4C42-B5C1-0BBF085A843C}"
EndProject
Project("{FAE04EC0-301F-11D3-BF4B-00C04F79EFBC}") = "EasyBoilerplate.Application", "src\EasyBoilerplate.Application\EasyBoilerplate.Application.csproj", "{7DAFBB85-52DC-4D97-BBC8-80073423B9C2}"
EndProject
Global
	GlobalSection(SolutionConfigurationPlatforms) = preSolution
		Debug|Any CPU = Debug|Any CPU
		Release|Any CPU = Release|Any CPU
	EndGlobalSection
	GlobalSection(NestedProjects) = preSolution
		{E06DEFD3-15EA-47D9-9352-F912CF8A791A} = {5DE33D04-4356-4082-B2F4-877B8321C132}
		{79AB084B-229D-4B66-AAB3-0212BE9E680C} = {5DE33D04-4356-4082-B2F4-877B8321C132}
		{03D36A27-EF6E-49D1-93A1-A4DE4F13B720} = {5DE33D04-4356-4082-B2F4-877B8321C132}
		{793653F6-CFC1-4C42-B5C1-0BBF085A843C} = {5DE33D04-4356-4082-B2F4-877B8321C132}
		{7DAFBB85-52DC-4D97-BBC8-80073423B9C2} = {5DE33D04-4356-4082-B2F4-877B8321C132}
	EndGlobalSection
	GlobalSection(ProjectConfigurationPlatforms) = postSolution
		{E06DEFD3-15EA-47D9-9352-F912CF8A791A}.Debug|Any CPU.ActiveCfg = Debug|Any CPU
		{E06DEFD3-15EA-47D9-9352-F912CF8A791A}.Debug|Any CPU.Build.0 = Debug|Any CPU
		{E06DEFD3-15EA-47D9-9352-F912CF8A791A}.Release|Any CPU.ActiveCfg = Release|Any CPU
		{E06DEFD3-15EA-47D9-9352-F912CF8A791A}.Release|Any CPU.Build.0 = Release|Any CPU
		{79AB084B-229D-4B66-AAB3-0212BE9E680C}.Debug|Any CPU.ActiveCfg = Debug|Any CPU
		{79AB084B-229D-4B66-AAB3-0212BE9E680C}.Debug|Any CPU.Build.0 = Debug|Any CPU
		{79AB084B-229D-4B66-AAB3-0212BE9E680C}.Release|Any CPU.ActiveCfg = Release|Any CPU
		{79AB084B-229D-4B66-AAB3-0212BE9E680C}.Release|Any CPU.Build.0 = Release|Any CPU
		{03D36A27-EF6E-49D1-93A1-A4DE4F13B720}.Debug|Any CPU.ActiveCfg = Debug|Any CPU
		{03D36A27-EF6E-49D1-93A1-A4DE4F13B720}.Debug|Any CPU.Build.0 = Debug|Any CPU
		{03D36A27-EF6E-49D1-93A1-A4DE4F13B720}.Release|Any CPU.ActiveCfg = Release|Any CPU
		{03D36A27-EF6E-49D1-93A1-A4DE4F13B720}.Release|Any CPU.Build.0 = Release|Any CPU
		{793653F6-CFC1-4C42-B5C1-0BBF085A843C}.Debug|Any CPU.ActiveCfg = Debug|Any CPU
		{793653F6-CFC1-4C42-B5C1-0BBF085A843C}.Debug|Any CPU.Build.0 = Debug|Any CPU
		{793653F6-CFC1-4C42-B5C1-0BBF085A843C}.Release|Any CPU.ActiveCfg = Release|Any CPU
		{793653F6-CFC1-4C42-B5C1-0BBF085A843C}.Release|Any CPU.Build.0 = Release|Any CPU
		{7DAFBB85-52DC-4D97-BBC8-80073423B9C2}.Debug|Any CPU.ActiveCfg = Debug|Any CPU
		{7DAFBB85-52DC-4D97-BBC8-80073423B9C2}.Debug|Any CPU.Build.0 = Debug|Any CPU
		{7DAFBB85-52DC-4D97-BBC8-80073423B9C2}.Release|Any CPU.ActiveCfg = Release|Any CPU
		{7DAFBB85-52DC-4D97-BBC8-80073423B9C2}.Release|Any CPU.Build.0 = Release|Any CPU
	EndGlobalSection
EndGlobal
